// !$*UTF8*$!
{
	archiveVersion = 1;
	classes = {
	};
	objectVersion = 45;
	objects = {

/* Begin PBXBuildFile section */
		8DD76F9A0486AA7600D96B5E /* GolfapNews.m in Sources */ = {isa = PBXBuildFile; fileRef = 08FB7796FE84155DC02AAC07 /* GolfapNews.m */; settings = {ATTRIBUTES = (); }; };
		8DD76F9C0486AA7600D96B5E /* Foundation.framework in Frameworks */ = {isa = PBXBuildFile; fileRef = 08FB779EFE84155DC02AAC07 /* Foundation.framework */; };
		8DD76F9F0486AA7600D96B5E /* GolfapNews.1 in CopyFiles */ = {isa = PBXBuildFile; fileRef = C6859EA3029092ED04C91782 /* GolfapNews.1 */; };
		9A2984410F51F6B6005A9F1E /* GolfapProductTest.m in Sources */ = {isa = PBXBuildFile; fileRef = 9A2984400F51F6B6005A9F1E /* GolfapProductTest.m */; };
		9A2984450F51F762005A9F1E /* GAProduct.m in Sources */ = {isa = PBXBuildFile; fileRef = 9A2984440F51F762005A9F1E /* GAProduct.m */; };
		9A2984460F51F762005A9F1E /* GAProduct.m in Sources */ = {isa = PBXBuildFile; fileRef = 9A2984440F51F762005A9F1E /* GAProduct.m */; };
		9A2984820F520274005A9F1E /* GAProductList.m in Sources */ = {isa = PBXBuildFile; fileRef = 9A2984810F520274005A9F1E /* GAProductList.m */; };
		9A2984830F520274005A9F1E /* GAProductList.m in Sources */ = {isa = PBXBuildFile; fileRef = 9A2984810F520274005A9F1E /* GAProductList.m */; };
		9A2984850F520290005A9F1E /* GAProductListTest.m in Sources */ = {isa = PBXBuildFile; fileRef = 9A2984840F520290005A9F1E /* GAProductListTest.m */; };
		9ACB8B8D0F51EB5900CCE9F4 /* SenTestingKit.framework in Frameworks */ = {isa = PBXBuildFile; fileRef = 9ACB8B8C0F51EB5900CCE9F4 /* SenTestingKit.framework */; };
		9ACB8B950F51EB9A00CCE9F4 /* SyntaxTest.m in Sources */ = {isa = PBXBuildFile; fileRef = 9ACB8B940F51EB9A00CCE9F4 /* SyntaxTest.m */; };
/* End PBXBuildFile section */

/* Begin PBXCopyFilesBuildPhase section */
		8DD76F9E0486AA7600D96B5E /* CopyFiles */ = {
			isa = PBXCopyFilesBuildPhase;
			buildActionMask = 8;
			dstPath = /usr/share/man/man1/;
			dstSubfolderSpec = 0;
			files = (
				8DD76F9F0486AA7600D96B5E /* GolfapNews.1 in CopyFiles */,
			);
			runOnlyForDeploymentPostprocessing = 1;
		};
/* End PBXCopyFilesBuildPhase section */

/* Begin PBXFileReference section */
		08FB7796FE84155DC02AAC07 /* GolfapNews.m */ = {isa = PBXFileReference; fileEncoding = 4; lastKnownFileType = sourcecode.c.objc; path = GolfapNews.m; sourceTree = "<group>"; };
		08FB779EFE84155DC02AAC07 /* Foundation.framework */ = {isa = PBXFileReference; lastKnownFileType = wrapper.framework; name = Foundation.framework; path = /System/Library/Frameworks/Foundation.framework; sourceTree = "<absolute>"; };
		32A70AAB03705E1F00C91783 /* GolfapNews_Prefix.pch */ = {isa = PBXFileReference; fileEncoding = 4; lastKnownFileType = sourcecode.c.h; path = GolfapNews_Prefix.pch; sourceTree = "<group>"; };
		8DD76FA10486AA7600D96B5E /* GolfapNews */ = {isa = PBXFileReference; explicitFileType = "compiled.mach-o.executable"; includeInIndex = 0; path = GolfapNews; sourceTree = BUILT_PRODUCTS_DIR; };
		9A2984400F51F6B6005A9F1E /* GolfapProductTest.m */ = {isa = PBXFileReference; fileEncoding = 4; lastKnownFileType = sourcecode.c.objc; path = GolfapProductTest.m; sourceTree = "<group>"; };
		9A2984430F51F762005A9F1E /* GAProduct.h */ = {isa = PBXFileReference; fileEncoding = 4; lastKnownFileType = sourcecode.c.h; path = GAProduct.h; sourceTree = "<group>"; };
		9A2984440F51F762005A9F1E /* GAProduct.m */ = {isa = PBXFileReference; fileEncoding = 4; lastKnownFileType = sourcecode.c.objc; path = GAProduct.m; sourceTree = "<group>"; };
		9A2984800F520274005A9F1E /* GAProductList.h */ = {isa = PBXFileReference; fileEncoding = 4; lastKnownFileType = sourcecode.c.h; path = GAProductList.h; sourceTree = "<group>"; };
		9A2984810F520274005A9F1E /* GAProductList.m */ = {isa = PBXFileReference; fileEncoding = 4; lastKnownFileType = sourcecode.c.objc; path = GAProductList.m; sourceTree = "<group>"; };
		9A2984840F520290005A9F1E /* GAProductListTest.m */ = {isa = PBXFileReference; fileEncoding = 4; lastKnownFileType = sourcecode.c.objc; path = GAProductListTest.m; sourceTree = "<group>"; };
		9ACB8B850F51EAD900CCE9F4 /* test.octest */ = {isa = PBXFileReference; explicitFileType = wrapper.cfbundle; includeInIndex = 0; path = test.octest; sourceTree = BUILT_PRODUCTS_DIR; };
		9ACB8B860F51EAD900CCE9F4 /* test-Info.plist */ = {isa = PBXFileReference; lastKnownFileType = text.plist.xml; path = "test-Info.plist"; sourceTree = "<group>"; };
		9ACB8B8C0F51EB5900CCE9F4 /* SenTestingKit.framework */ = {isa = PBXFileReference; lastKnownFileType = wrapper.framework; name = SenTestingKit.framework; path = Library/Frameworks/SenTestingKit.framework; sourceTree = DEVELOPER_DIR; };
		9ACB8B930F51EB9A00CCE9F4 /* SyntaxTest.h */ = {isa = PBXFileReference; fileEncoding = 4; lastKnownFileType = sourcecode.c.h; path = SyntaxTest.h; sourceTree = "<group>"; };
		9ACB8B940F51EB9A00CCE9F4 /* SyntaxTest.m */ = {isa = PBXFileReference; fileEncoding = 4; lastKnownFileType = sourcecode.c.objc; path = SyntaxTest.m; sourceTree = "<group>"; };
		C6859EA3029092ED04C91782 /* GolfapNews.1 */ = {isa = PBXFileReference; lastKnownFileType = text.man; path = GolfapNews.1; sourceTree = "<group>"; };
/* End PBXFileReference section */

/* Begin PBXFrameworksBuildPhase section */
		8DD76F9B0486AA7600D96B5E /* Frameworks */ = {
			isa = PBXFrameworksBuildPhase;
			buildActionMask = 2147483647;
			files = (
				8DD76F9C0486AA7600D96B5E /* Foundation.framework in Frameworks */,
			);
			runOnlyForDeploymentPostprocessing = 0;
		};
		9ACB8B820F51EAD900CCE9F4 /* Frameworks */ = {
			isa = PBXFrameworksBuildPhase;
			buildActionMask = 2147483647;
			files = (
				9ACB8B8D0F51EB5900CCE9F4 /* SenTestingKit.framework in Frameworks */,
			);
			runOnlyForDeploymentPostprocessing = 0;
		};
/* End PBXFrameworksBuildPhase section */

/* Begin PBXGroup section */
		08FB7794FE84155DC02AAC07 /* GolfapNews */ = {
			isa = PBXGroup;
			children = (
				9ACB8B910F51EB6900CCE9F4 /* test */,
				08FB7795FE84155DC02AAC07 /* Source */,
				C6859EA2029092E104C91782 /* Documentation */,
				08FB779DFE84155DC02AAC07 /* External Frameworks and Libraries */,
				1AB674ADFE9D54B511CA2CBB /* Products */,
				9ACB8B860F51EAD900CCE9F4 /* test-Info.plist */,
			);
			name = GolfapNews;
			sourceTree = "<group>";
		};
		08FB7795FE84155DC02AAC07 /* Source */ = {
			isa = PBXGroup;
			children = (
				32A70AAB03705E1F00C91783 /* GolfapNews_Prefix.pch */,
				08FB7796FE84155DC02AAC07 /* GolfapNews.m */,
				9A2984430F51F762005A9F1E /* GAProduct.h */,
				9A2984440F51F762005A9F1E /* GAProduct.m */,
				9A2984800F520274005A9F1E /* GAProductList.h */,
				9A2984810F520274005A9F1E /* GAProductList.m */,
			);
			name = Source;
			sourceTree = "<group>";
		};
		08FB779DFE84155DC02AAC07 /* External Frameworks and Libraries */ = {
			isa = PBXGroup;
			children = (
				9ACB8B8C0F51EB5900CCE9F4 /* SenTestingKit.framework */,
				08FB779EFE84155DC02AAC07 /* Foundation.framework */,
			);
			name = "External Frameworks and Libraries";
			sourceTree = "<group>";
		};
		1AB674ADFE9D54B511CA2CBB /* Products */ = {
			isa = PBXGroup;
			children = (
				8DD76FA10486AA7600D96B5E /* GolfapNews */,
				9ACB8B850F51EAD900CCE9F4 /* test.octest */,
			);
			name = Products;
			sourceTree = "<group>";
		};
		9ACB8B910F51EB6900CCE9F4 /* test */ = {
			isa = PBXGroup;
			children = (
				9ACB8B930F51EB9A00CCE9F4 /* SyntaxTest.h */,
				9ACB8B940F51EB9A00CCE9F4 /* SyntaxTest.m */,
				9A2984400F51F6B6005A9F1E /* GolfapProductTest.m */,
				9A2984840F520290005A9F1E /* GAProductListTest.m */,
			);
			name = test;
			sourceTree = "<group>";
		};
		C6859EA2029092E104C91782 /* Documentation */ = {
			isa = PBXGroup;
			children = (
				C6859EA3029092ED04C91782 /* GolfapNews.1 */,
			);
			name = Documentation;
			sourceTree = "<group>";
		};
/* End PBXGroup section */

/* Begin PBXNativeTarget section */
		8DD76F960486AA7600D96B5E /* GolfapNews */ = {
			isa = PBXNativeTarget;
			buildConfigurationList = 1DEB927408733DD40010E9CD /* Build configuration list for PBXNativeTarget "GolfapNews" */;
			buildPhases = (
				8DD76F990486AA7600D96B5E /* Sources */,
				8DD76F9B0486AA7600D96B5E /* Frameworks */,
				8DD76F9E0486AA7600D96B5E /* CopyFiles */,
			);
			buildRules = (
			);
			dependencies = (
			);
			name = GolfapNews;
			productInstallPath = "$(HOME)/bin";
			productName = GolfapNews;
			productReference = 8DD76FA10486AA7600D96B5E /* GolfapNews */;
			productType = "com.apple.product-type.tool";
		};
		9ACB8B840F51EAD900CCE9F4 /* test */ = {
			isa = PBXNativeTarget;
			buildConfigurationList = 9ACB8B890F51EADB00CCE9F4 /* Build configuration list for PBXNativeTarget "test" */;
			buildPhases = (
				9ACB8B800F51EAD900CCE9F4 /* Resources */,
				9ACB8B810F51EAD900CCE9F4 /* Sources */,
				9ACB8B820F51EAD900CCE9F4 /* Frameworks */,
				9ACB8B830F51EAD900CCE9F4 /* ShellScript */,
			);
			buildRules = (
			);
			dependencies = (
			);
			name = test;
			productName = test;
			productReference = 9ACB8B850F51EAD900CCE9F4 /* test.octest */;
			productType = "com.apple.product-type.bundle";
		};
/* End PBXNativeTarget section */

/* Begin PBXProject section */
		08FB7793FE84155DC02AAC07 /* Project object */ = {
			isa = PBXProject;
			buildConfigurationList = 1DEB927808733DD40010E9CD /* Build configuration list for PBXProject "GolfapNews" */;
			compatibilityVersion = "Xcode 3.1";
			hasScannedForEncodings = 1;
			mainGroup = 08FB7794FE84155DC02AAC07 /* GolfapNews */;
			projectDirPath = "";
			projectRoot = "";
			targets = (
				8DD76F960486AA7600D96B5E /* GolfapNews */,
				9ACB8B840F51EAD900CCE9F4 /* test */,
			);
		};
/* End PBXProject section */

/* Begin PBXResourcesBuildPhase section */
		9ACB8B800F51EAD900CCE9F4 /* Resources */ = {
			isa = PBXResourcesBuildPhase;
			buildActionMask = 2147483647;
			files = (
			);
			runOnlyForDeploymentPostprocessing = 0;
		};
/* End PBXResourcesBuildPhase section */

/* Begin PBXShellScriptBuildPhase section */
		9ACB8B830F51EAD900CCE9F4 /* ShellScript */ = {
			isa = PBXShellScriptBuildPhase;
			buildActionMask = 2147483647;
			files = (
			);
			inputPaths = (
			);
			outputPaths = (
			);
			runOnlyForDeploymentPostprocessing = 0;
			shellPath = /bin/sh;
			shellScript = "# Run the unit tests in this test bundle.\n\"${SYSTEM_DEVELOPER_DIR}/Tools/RunUnitTests\"\n";
		};
/* End PBXShellScriptBuildPhase section */

/* Begin PBXSourcesBuildPhase section */
		8DD76F990486AA7600D96B5E /* Sources */ = {
			isa = PBXSourcesBuildPhase;
			buildActionMask = 2147483647;
			files = (
				8DD76F9A0486AA7600D96B5E /* GolfapNews.m in Sources */,
				9A2984460F51F762005A9F1E /* GAProduct.m in Sources */,
				9A2984830F520274005A9F1E /* GAProductList.m in Sources */,
			);
			runOnlyForDeploymentPostprocessing = 0;
		};
		9ACB8B810F51EAD900CCE9F4 /* Sources */ = {
			isa = PBXSourcesBuildPhase;
			buildActionMask = 2147483647;
			files = (
				9ACB8B950F51EB9A00CCE9F4 /* SyntaxTest.m in Sources */,
				9A2984410F51F6B6005A9F1E /* GolfapProductTest.m in Sources */,
				9A2984450F51F762005A9F1E /* GAProduct.m in Sources */,
				9A2984820F520274005A9F1E /* GAProductList.m in Sources */,
				9A2984850F520290005A9F1E /* GAProductListTest.m in Sources */,
			);
			runOnlyForDeploymentPostprocessing = 0;
		};
/* End PBXSourcesBuildPhase section */

/* Begin XCBuildConfiguration section */
		1DEB927508733DD40010E9CD /* Debug */ = {
			isa = XCBuildConfiguration;
			buildSettings = {
				ALWAYS_SEARCH_USER_PATHS = NO;
				COPY_PHASE_STRIP = NO;
				GCC_DYNAMIC_NO_PIC = NO;
				GCC_ENABLE_FIX_AND_CONTINUE = YES;
				GCC_MODEL_TUNING = G5;
				GCC_OPTIMIZATION_LEVEL = 0;
				GCC_PRECOMPILE_PREFIX_HEADER = YES;
				GCC_PREFIX_HEADER = GolfapNews_Prefix.pch;
				INSTALL_PATH = /usr/local/bin;
				PRODUCT_NAME = GolfapNews;
			};
			name = Debug;
		};
		1DEB927608733DD40010E9CD /* Release */ = {
			isa = XCBuildConfiguration;
			buildSettings = {
				ALWAYS_SEARCH_USER_PATHS = NO;
				DEBUG_INFORMATION_FORMAT = "dwarf-with-dsym";
				GCC_MODEL_TUNING = G5;
				GCC_PRECOMPILE_PREFIX_HEADER = YES;
				GCC_PREFIX_HEADER = GolfapNews_Prefix.pch;
				INSTALL_PATH = /usr/local/bin;
				PRODUCT_NAME = GolfapNews;
			};
			name = Release;
		};
		1DEB927908733DD40010E9CD /* Debug */ = {
			isa = XCBuildConfiguration;
			buildSettings = {
				ARCHS = "$(ARCHS_STANDARD_32_BIT)";
				GCC_C_LANGUAGE_STANDARD = c99;
				GCC_OPTIMIZATION_LEVEL = 0;
				GCC_WARN_ABOUT_RETURN_TYPE = YES;
				GCC_WARN_UNUSED_VARIABLE = YES;
				ONLY_ACTIVE_ARCH = YES;
				PREBINDING = NO;
				SDKROOT = macosx10.5;
			};
			name = Debug;
		};
		1DEB927A08733DD40010E9CD /* Release */ = {
			isa = XCBuildConfiguration;
			buildSettings = {
				ARCHS = "$(ARCHS_STANDARD_32_BIT)";
				GCC_C_LANGUAGE_STANDARD = c99;
				GCC_WARN_ABOUT_RETURN_TYPE = YES;
				GCC_WARN_UNUSED_VARIABLE = YES;
				PREBINDING = NO;
				SDKROOT = macosx10.5;
			};
			name = Release;
		};
		9ACB8B870F51EADB00CCE9F4 /* Debug */ = {
			isa = XCBuildConfiguration;
			buildSettings = {
				ALWAYS_SEARCH_USER_PATHS = NO;
				COPY_PHASE_STRIP = NO;
				FRAMEWORK_SEARCH_PATHS = "$(DEVELOPER_LIBRARY_DIR)/Frameworks";
				GCC_DYNAMIC_NO_PIC = NO;
				GCC_ENABLE_FIX_AND_CONTINUE = NO;
				GCC_ENABLE_OBJC_EXCEPTIONS = YES;
				GCC_MODEL_TUNING = G5;
				GCC_OPTIMIZATION_LEVEL = 0;
				GCC_PRECOMPILE_PREFIX_HEADER = YES;
				GCC_PREFIX_HEADER = "$(SYSTEM_LIBRARY_DIR)/Frameworks/Cocoa.framework/Headers/Cocoa.h";
				INFOPLIST_FILE = "test-Info.plist";
				INSTALL_PATH = "$(USER_LIBRARY_DIR)/Bundles";
				OTHER_LDFLAGS = (
					"-framework",
					Cocoa,
					"-framework",
					SenTestingKit,
				);
				PREBINDING = NO;
				PRODUCT_NAME = test;
				WRAPPER_EXTENSION = octest;
			};
			name = Debug;
		};
		9ACB8B880F51EADB00CCE9F4 /* Release */ = {
			isa = XCBuildConfiguration;
			buildSettings = {
				ALWAYS_SEARCH_USER_PATHS = NO;
				COPY_PHASE_STRIP = YES;
				DEBUG_INFORMATION_FORMAT = "dwarf-with-dsym";
				FRAMEWORK_SEARCH_PATHS = "$(DEVELOPER_LIBRARY_DIR)/Frameworks";
				GCC_ENABLE_FIX_AND_CONTINUE = NO;
				GCC_ENABLE_OBJC_EXCEPTIONS = YES;
				GCC_MODEL_TUNING = G5;
				GCC_PRECOMPILE_PREFIX_HEADER = YES;
				GCC_PREFIX_HEADER = "$(SYSTEM_LIBRARY_DIR)/Frameworks/Cocoa.framework/Headers/Cocoa.h";
				INFOPLIST_FILE = "test-Info.plist";
				INSTALL_PATH = "$(USER_LIBRARY_DIR)/Bundles";
				OTHER_LDFLAGS = (
					"-framework",
					Cocoa,
					"-framework",
					SenTestingKit,
				);
				PREBINDING = NO;
				PRODUCT_NAME = test;
				WRAPPER_EXTENSION = octest;
				ZERO_LINK = NO;
			};
			name = Release;
		};
/* End XCBuildConfiguration section */

/* Begin XCConfigurationList section */
		1DEB927408733DD40010E9CD /* Build configuration list for PBXNativeTarget "GolfapNews" */ = {
			isa = XCConfigurationList;
			buildConfigurations = (
				1DEB927508733DD40010E9CD /* Debug */,
				1DEB927608733DD40010E9CD /* Release */,
			);
			defaultConfigurationIsVisible = 0;
			defaultConfigurationName = Release;
		};
		1DEB927808733DD40010E9CD /* Build configuration list for PBXProject "GolfapNews" */ = {
			isa = XCConfigurationList;
			buildConfigurations = (
				1DEB927908733DD40010E9CD /* Debug */,
				1DEB927A08733DD40010E9CD /* Release */,
			);
			defaultConfigurationIsVisible = 0;
			defaultConfigurationName = Release;
		};
		9ACB8B890F51EADB00CCE9F4 /* Build configuration list for PBXNativeTarget "test" */ = {
			isa = XCConfigurationList;
			buildConfigurations = (
				9ACB8B870F51EADB00CCE9F4 /* Debug */,
				9ACB8B880F51EADB00CCE9F4 /* Release */,
			);
			defaultConfigurationIsVisible = 0;
			defaultConfigurationName = Release;
		};
/* End XCConfigurationList section */
	};
	rootObject = 08FB7793FE84155DC02AAC07 /* Project object */;
}
